<?xml version="1.0" encoding="utf-8"?>
<Project ToolsVersion="4.0" xmlns="http://schemas.microsoft.com/developer/msbuild/2003">
  <ItemGroup>
    <ClInclude Include="..\include\ML_wrapper\GraphicDependencies.h">
      <Filter>include</Filter>
    </ClInclude>
    <ClInclude Include="..\include\ML_wrapper\layerDefinition.h">
      <Filter>include</Filter>
    </ClInclude>
    <ClInclude Include="..\include\ML_wrapper\MgeDrawable.h">
      <Filter>include</Filter>
    </ClInclude>
    <ClInclude Include="..\include\ML_wrapper\MgeImage.h">
      <Filter>include</Filter>
    </ClInclude>
    <ClInclude Include="..\include\ML_wrapper\MgeText.h">
      <Filter>include</Filter>
    </ClInclude>
    <ClInclude Include="..\include\ML_wrapper\MlCurve.h">
      <Filter>include</Filter>
    </ClInclude>
    <ClInclude Include="..\include\ML_wrapper\MlEvent.h">
      <Filter>include</Filter>
    </ClInclude>
    <ClInclude Include="..\include\ML_wrapper\MlWrapper.h">
      <Filter>include</Filter>
    </ClInclude>
    <ClInclude Include="..\include\ML_wrapper\ShapeInterpreter.h">
      <Filter>include</Filter>
    </ClInclude>
  </ItemGroup>
  <ItemGroup>
    <Filter Include="include">
      <UniqueIdentifier>{6efe24ec-48b5-4d81-8840-351b3ea30e24}</UniqueIdentifier>
    </Filter>
    <Filter Include="src">
      <UniqueIdentifier>{f2751af9-312f-4c44-bc82-7a5224d4684b}</UniqueIdentifier>
    </Filter>
  </ItemGroup>
  <ItemGroup>
    <ClCompile Include="..\src\ML_wrapper\MgeDrawable.cpp">
      <Filter>src</Filter>
    </ClCompile>
    <ClCompile Include="..\src\ML_wrapper\MgeImage.cpp">
      <Filter>src</Filter>
    </ClCompile>
    <ClCompile Include="..\src\ML_wrapper\MgeText.cpp">
      <Filter>src</Filter>
    </ClCompile>
    <ClCompile Include="..\src\ML_wrapper\MlEvent.cpp">
      <Filter>src</Filter>
    </ClCompile>
    <ClCompile Include="..\src\ML_wrapper\MlWrapper.cpp">
      <Filter>src</Filter>
    </ClCompile>
    <ClCompile Include="..\src\ML_wrapper\ShapeInterpreter.cpp">
      <Filter>src</Filter>
    </ClCompile>
  </ItemGroup>
</Project>