<?xml version="1.0" encoding="utf-8"?>
<Project ToolsVersion="4.0" xmlns="http://schemas.microsoft.com/developer/msbuild/2003">
  <ItemGroup>
    <ClInclude Include="..\include\MGE_core\BasicShapes.h">
      <Filter>include</Filter>
    </ClInclude>
    <ClInclude Include="..\include\MGE_core\BasicTypes.h">
      <Filter>include</Filter>
    </ClInclude>
    <ClInclude Include="..\include\MGE_core\CollisionHandler.h">
      <Filter>include</Filter>
    </ClInclude>
    <ClInclude Include="..\include\MGE_core\EventSystem.h">
      <Filter>include</Filter>
    </ClInclude>
    <ClInclude Include="..\include\MGE_core\GlobalFunctions.h">
      <Filter>include</Filter>
    </ClInclude>
    <ClInclude Include="..\include\MGE_core\MgeActor.h">
      <Filter>include</Filter>
    </ClInclude>
    <ClInclude Include="..\include\MGE_core\MgeComponents.h">
      <Filter>include</Filter>
    </ClInclude>
    <ClInclude Include="..\include\MGE_core\MgeObject.h">
      <Filter>include</Filter>
    </ClInclude>
    <ClInclude Include="..\include\MGE_core\Transform.h">
      <Filter>include</Filter>
    </ClInclude>
    <ClInclude Include="..\include\MGE_core\Trigger.h">
      <Filter>include</Filter>
    </ClInclude>
    <ClInclude Include="..\include\MGE_core\GlobalEvents.h">
      <Filter>include</Filter>
    </ClInclude>
  </ItemGroup>
  <ItemGroup>
    <Filter Include="include">
      <UniqueIdentifier>{1e7c66df-75e2-45eb-803e-21b9b6ca9e7d}</UniqueIdentifier>
    </Filter>
    <Filter Include="src">
      <UniqueIdentifier>{24ac3401-c05a-4997-935b-daf190bdcb81}</UniqueIdentifier>
    </Filter>
  </ItemGroup>
  <ItemGroup>
    <ClCompile Include="..\src\MGE_core\GlobalFunctions.cpp">
      <Filter>src</Filter>
    </ClCompile>
    <ClCompile Include="..\src\MGE_core\MgeActor.cpp">
      <Filter>src</Filter>
    </ClCompile>
    <ClCompile Include="..\src\MGE_core\MgeComponents.cpp">
      <Filter>src</Filter>
    </ClCompile>
    <ClCompile Include="..\src\MGE_core\MgeObject.cpp">
      <Filter>src</Filter>
    </ClCompile>
    <ClCompile Include="..\src\MGE_core\Trigger.cpp">
      <Filter>src</Filter>
    </ClCompile>
  </ItemGroup>
</Project>