<?xml version="1.0" encoding="utf-8"?>
<Project ToolsVersion="4.0" xmlns="http://schemas.microsoft.com/developer/msbuild/2003">
  <ItemGroup>
    <ClInclude Include="..\include\MGE\BaseApp.h">
      <Filter>include</Filter>
    </ClInclude>
    <ClInclude Include="..\include\MGE\MgeGui.h">
      <Filter>include</Filter>
    </ClInclude>
    <ClInclude Include="..\include\MGE\version.h">
      <Filter>include</Filter>
    </ClInclude>
  </ItemGroup>
  <ItemGroup>
    <Filter Include="include">
      <UniqueIdentifier>{e75b35f7-01c0-4a15-ade4-265f8535b72e}</UniqueIdentifier>
    </Filter>
    <Filter Include="src">
      <UniqueIdentifier>{be9c9c9c-46f0-496b-8bfe-c79753f298b9}</UniqueIdentifier>
    </Filter>
  </ItemGroup>
  <ItemGroup>
    <ClCompile Include="..\src\MGE\BaseApp.cpp">
      <Filter>src</Filter>
    </ClCompile>
    <ClCompile Include="..\src\MGE\MgeGui.cpp">
      <Filter>src</Filter>
    </ClCompile>
  </ItemGroup>
</Project>