<?xml version="1.0" encoding="utf-8"?>
<Project ToolsVersion="4.0" xmlns="http://schemas.microsoft.com/developer/msbuild/2003">
  <ItemGroup>
    <ClInclude Include="..\include\MGE_GUI\MgeScreen.h">
      <Filter>include</Filter>
    </ClInclude>
    <ClInclude Include="..\include\MGE_GUI\MgeButton.h">
      <Filter>include</Filter>
    </ClInclude>
    <ClInclude Include="..\include\MGE_GUI\MgeFrame.h">
      <Filter>include</Filter>
    </ClInclude>
    <ClInclude Include="..\include\MGE_GUI\GuiDependencies.h">
      <Filter>include</Filter>
    </ClInclude>
    <ClInclude Include="..\include\MGE_GUI\MgeRollMenu.h">
      <Filter>include</Filter>
    </ClInclude>
    <ClInclude Include="..\include\MGE_GUI\MgeTextFrame.h">
      <Filter>include</Filter>
    </ClInclude>
    <ClInclude Include="..\include\MGE_GUI\MgeWidget.h">
      <Filter>include</Filter>
    </ClInclude>
  </ItemGroup>
  <ItemGroup>
    <Filter Include="include">
      <UniqueIdentifier>{605fe488-2f26-4814-a1c0-aaea64440572}</UniqueIdentifier>
    </Filter>
    <Filter Include="src">
      <UniqueIdentifier>{50cfe6c3-94a9-4639-94a3-9ce7d285e2bc}</UniqueIdentifier>
    </Filter>
  </ItemGroup>
  <ItemGroup>
    <ClCompile Include="..\src\MGE_GUI\MgeScreen.cpp">
      <Filter>src</Filter>
    </ClCompile>
    <ClCompile Include="..\src\MGE_GUI\MgeButton.cpp">
      <Filter>src</Filter>
    </ClCompile>
    <ClCompile Include="..\src\MGE_GUI\MgeFrame.cpp">
      <Filter>src</Filter>
    </ClCompile>
    <ClCompile Include="..\src\MGE_GUI\MgeRollMenu.cpp">
      <Filter>src</Filter>
    </ClCompile>
    <ClCompile Include="..\src\MGE_GUI\MgeTextFrame.cpp">
      <Filter>src</Filter>
    </ClCompile>
    <ClCompile Include="..\src\MGE_GUI\MgeWidget.cpp">
      <Filter>src</Filter>
    </ClCompile>
  </ItemGroup>
</Project>